
Microsoft Visual Studio Solution File, Format Version 12.00
# Visual Studio Version 17
VisualStudioVersion = 17.3.32922.545
MinimumVisualStudioVersion = 10.0.40219.1
Project("{FAE04EC0-301F-11D3-BF4B-00C04F79EFBC}") = "2022-Day-1", "2022-Day-1\2022-Day-1.csproj", "{183DDFA3-D5D2-466C-86F2-76453D028A1A}"
EndProject
Project("{FAE04EC0-301F-11D3-BF4B-00C04F79EFBC}") = "2022-Day-2", "2022-Day-2\2022-Day-2.csproj", "{95E52183-0E4D-4D1A-98FB-1626A953985D}"
EndProject
Project("{FAE04EC0-301F-11D3-BF4B-00C04F79EFBC}") = "2022-Day-3", "2022-Day-3\2022-Day-3.csproj", "{8D883ABA-5473-4D26-B98A-9AEE82550186}"
EndProject
Project("{FAE04EC0-301F-11D3-BF4B-00C04F79EFBC}") = "2022-Day-4", "2022-Day-4\2022-Day-4.csproj", "{9741777F-E730-43E1-815F-A13B713A848B}"
EndProject
Project("{FAE04EC0-301F-11D3-BF4B-00C04F79EFBC}") = "2022-Day-5", "2022-Day-5\2022-Day-5.csproj", "{42044CFE-6002-4D8E-975B-6FE864194D33}"
EndProject
Project("{FAE04EC0-301F-11D3-BF4B-00C04F79EFBC}") = "2022-Day-6", "2022-Day-6\2022-Day-6.csproj", "{1B6CF7F5-550D-4C5F-AE66-25A11D26556D}"
EndProject
Project("{FAE04EC0-301F-11D3-BF4B-00C04F79EFBC}") = "2022-Day-7", "2022-Day-7\2022-Day-7.csproj", "{30C70FDA-87FB-46BD-95C9-913B20C3C929}"
EndProject
Project("{FAE04EC0-301F-11D3-BF4B-00C04F79EFBC}") = "2022-Day-8", "2022-Day-8\2022-Day-8.csproj", "{AEA7862F-9ED4-4858-9B22-21606E674CC0}"
EndProject
Project("{FAE04EC0-301F-11D3-BF4B-00C04F79EFBC}") = "2022-Day-9", "2022-Day-9\2022-Day-9.csproj", "{C915CA45-7B69-4106-BCF6-5625A810391A}"
EndProject
Project("{FAE04EC0-301F-11D3-BF4B-00C04F79EFBC}") = "2022-Day-10", "2022-Day-10\2022-Day-10.csproj", "{F07688BD-E911-41AC-A803-F85DCCF460E2}"
EndProject
Project("{FAE04EC0-301F-11D3-BF4B-00C04F79EFBC}") = "2022-Day-11", "2022-Day-11\2022-Day-11.csproj", "{DB4F3FA3-61B7-4C3D-9DA6-CBDFF9AF89FA}"
EndProject
Project("{FAE04EC0-301F-11D3-BF4B-00C04F79EFBC}") = "2022-Day-12", "2022-Day-12\2022-Day-12.csproj", "{AF031645-63A8-42D7-85CB-4118E2162AB5}"
EndProject
Project("{9092AA53-FB77-4645-B42D-1CCCA6BD08BD}") = "2022-Day-13", "2022-Day-13\2022-Day-13.njsproj", "{E37F9F00-70D1-4196-81D3-03992089DC2E}"
EndProject
Project("{FAE04EC0-301F-11D3-BF4B-00C04F79EFBC}") = "2022-Day-14", "2022-Day-14\2022-Day-14.csproj", "{AAD44293-2F17-4975-BA97-18F396602231}"
EndProject
Global
	GlobalSection(SolutionConfigurationPlatforms) = preSolution
		Debug|Any CPU = Debug|Any CPU
		Release|Any CPU = Release|Any CPU
	EndGlobalSection
	GlobalSection(ProjectConfigurationPlatforms) = postSolution
		{183DDFA3-D5D2-466C-86F2-76453D028A1A}.Debug|Any CPU.ActiveCfg = Debug|Any CPU
		{183DDFA3-D5D2-466C-86F2-76453D028A1A}.Debug|Any CPU.Build.0 = Debug|Any CPU
		{183DDFA3-D5D2-466C-86F2-76453D028A1A}.Release|Any CPU.ActiveCfg = Release|Any CPU
		{183DDFA3-D5D2-466C-86F2-76453D028A1A}.Release|Any CPU.Build.0 = Release|Any CPU
		{95E52183-0E4D-4D1A-98FB-1626A953985D}.Debug|Any CPU.ActiveCfg = Debug|Any CPU
		{95E52183-0E4D-4D1A-98FB-1626A953985D}.Debug|Any CPU.Build.0 = Debug|Any CPU
		{95E52183-0E4D-4D1A-98FB-1626A953985D}.Release|Any CPU.ActiveCfg = Release|Any CPU
		{95E52183-0E4D-4D1A-98FB-1626A953985D}.Release|Any CPU.Build.0 = Release|Any CPU
		{8D883ABA-5473-4D26-B98A-9AEE82550186}.Debug|Any CPU.ActiveCfg = Debug|Any CPU
		{8D883ABA-5473-4D26-B98A-9AEE82550186}.Debug|Any CPU.Build.0 = Debug|Any CPU
		{8D883ABA-5473-4D26-B98A-9AEE82550186}.Release|Any CPU.ActiveCfg = Release|Any CPU
		{8D883ABA-5473-4D26-B98A-9AEE82550186}.Release|Any CPU.Build.0 = Release|Any CPU
		{9741777F-E730-43E1-815F-A13B713A848B}.Debug|Any CPU.ActiveCfg = Debug|Any CPU
		{9741777F-E730-43E1-815F-A13B713A848B}.Debug|Any CPU.Build.0 = Debug|Any CPU
		{9741777F-E730-43E1-815F-A13B713A848B}.Release|Any CPU.ActiveCfg = Release|Any CPU
		{9741777F-E730-43E1-815F-A13B713A848B}.Release|Any CPU.Build.0 = Release|Any CPU
		{42044CFE-6002-4D8E-975B-6FE864194D33}.Debug|Any CPU.ActiveCfg = Debug|Any CPU
		{42044CFE-6002-4D8E-975B-6FE864194D33}.Debug|Any CPU.Build.0 = Debug|Any CPU
		{42044CFE-6002-4D8E-975B-6FE864194D33}.Release|Any CPU.ActiveCfg = Release|Any CPU
		{42044CFE-6002-4D8E-975B-6FE864194D33}.Release|Any CPU.Build.0 = Release|Any CPU
		{1B6CF7F5-550D-4C5F-AE66-25A11D26556D}.Debug|Any CPU.ActiveCfg = Debug|Any CPU
		{1B6CF7F5-550D-4C5F-AE66-25A11D26556D}.Debug|Any CPU.Build.0 = Debug|Any CPU
		{1B6CF7F5-550D-4C5F-AE66-25A11D26556D}.Release|Any CPU.ActiveCfg = Release|Any CPU
		{1B6CF7F5-550D-4C5F-AE66-25A11D26556D}.Release|Any CPU.Build.0 = Release|Any CPU
		{30C70FDA-87FB-46BD-95C9-913B20C3C929}.Debug|Any CPU.ActiveCfg = Debug|Any CPU
		{30C70FDA-87FB-46BD-95C9-913B20C3C929}.Debug|Any CPU.Build.0 = Debug|Any CPU
		{30C70FDA-87FB-46BD-95C9-913B20C3C929}.Release|Any CPU.ActiveCfg = Release|Any CPU
		{30C70FDA-87FB-46BD-95C9-913B20C3C929}.Release|Any CPU.Build.0 = Release|Any CPU
		{AEA7862F-9ED4-4858-9B22-21606E674CC0}.Debug|Any CPU.ActiveCfg = Debug|Any CPU
		{AEA7862F-9ED4-4858-9B22-21606E674CC0}.Debug|Any CPU.Build.0 = Debug|Any CPU
		{AEA7862F-9ED4-4858-9B22-21606E674CC0}.Release|Any CPU.ActiveCfg = Release|Any CPU
		{AEA7862F-9ED4-4858-9B22-21606E674CC0}.Release|Any CPU.Build.0 = Release|Any CPU
		{C915CA45-7B69-4106-BCF6-5625A810391A}.Debug|Any CPU.ActiveCfg = Debug|Any CPU
		{C915CA45-7B69-4106-BCF6-5625A810391A}.Debug|Any CPU.Build.0 = Debug|Any CPU
		{C915CA45-7B69-4106-BCF6-5625A810391A}.Release|Any CPU.ActiveCfg = Release|Any CPU
		{C915CA45-7B69-4106-BCF6-5625A810391A}.Release|Any CPU.Build.0 = Release|Any CPU
		{F07688BD-E911-41AC-A803-F85DCCF460E2}.Debug|Any CPU.ActiveCfg = Debug|Any CPU
		{F07688BD-E911-41AC-A803-F85DCCF460E2}.Debug|Any CPU.Build.0 = Debug|Any CPU
		{F07688BD-E911-41AC-A803-F85DCCF460E2}.Release|Any CPU.ActiveCfg = Release|Any CPU
		{F07688BD-E911-41AC-A803-F85DCCF460E2}.Release|Any CPU.Build.0 = Release|Any CPU
		{DB4F3FA3-61B7-4C3D-9DA6-CBDFF9AF89FA}.Debug|Any CPU.ActiveCfg = Debug|Any CPU
		{DB4F3FA3-61B7-4C3D-9DA6-CBDFF9AF89FA}.Debug|Any CPU.Build.0 = Debug|Any CPU
		{DB4F3FA3-61B7-4C3D-9DA6-CBDFF9AF89FA}.Release|Any CPU.ActiveCfg = Release|Any CPU
		{DB4F3FA3-61B7-4C3D-9DA6-CBDFF9AF89FA}.Release|Any CPU.Build.0 = Release|Any CPU
		{AF031645-63A8-42D7-85CB-4118E2162AB5}.Debug|Any CPU.ActiveCfg = Debug|Any CPU
		{AF031645-63A8-42D7-85CB-4118E2162AB5}.Debug|Any CPU.Build.0 = Debug|Any CPU
		{AF031645-63A8-42D7-85CB-4118E2162AB5}.Release|Any CPU.ActiveCfg = Release|Any CPU
		{AF031645-63A8-42D7-85CB-4118E2162AB5}.Release|Any CPU.Build.0 = Release|Any CPU
		{E37F9F00-70D1-4196-81D3-03992089DC2E}.Debug|Any CPU.ActiveCfg = Debug|Any CPU
		{E37F9F00-70D1-4196-81D3-03992089DC2E}.Debug|Any CPU.Build.0 = Debug|Any CPU
		{E37F9F00-70D1-4196-81D3-03992089DC2E}.Release|Any CPU.ActiveCfg = Release|Any CPU
		{E37F9F00-70D1-4196-81D3-03992089DC2E}.Release|Any CPU.Build.0 = Release|Any CPU
		{AAD44293-2F17-4975-BA97-18F396602231}.Debug|Any CPU.ActiveCfg = Debug|Any CPU
		{AAD44293-2F17-4975-BA97-18F396602231}.Debug|Any CPU.Build.0 = Debug|Any CPU
		{AAD44293-2F17-4975-BA97-18F396602231}.Release|Any CPU.ActiveCfg = Release|Any CPU
		{AAD44293-2F17-4975-BA97-18F396602231}.Release|Any CPU.Build.0 = Release|Any CPU
	EndGlobalSection
	GlobalSection(SolutionProperties) = preSolution
		HideSolutionNode = FALSE
	EndGlobalSection
	GlobalSection(ExtensibilityGlobals) = postSolution
		SolutionGuid = {CAB975E8-C681-439D-8C85-A99BF27FA58E}
	EndGlobalSection
EndGlobal
